
Microsoft Visual Studio Solution File, Format Version 12.00
# Visual Studio 15
VisualStudioVersion = 15.0.26730.15
MinimumVisualStudioVersion = 10.0.40219.1
Project("{FAE04EC0-301F-11D3-BF4B-00C04F79EFBC}") = "LogicLayer", "LogicLayer\LogicLayer.csproj", "{B379EDB7-87F6-409D-AC25-84D92C3C7E56}"
EndProject
Project("{FAE04EC0-301F-11D3-BF4B-00C04F79EFBC}") = "DataLayer", "DataLayer\DataLayer.csproj", "{1498A9DA-09C7-4A9A-94F4-0E165A098EFF}"
EndProject
Project("{FAE04EC0-301F-11D3-BF4B-00C04F79EFBC}") = "SharedEntities", "SharedEntities\SharedEntities.csproj", "{A5100E29-44BB-4768-A44A-3BAA5D969EE4}"
EndProject
Project("{FAE04EC0-301F-11D3-BF4B-00C04F79EFBC}") = "UILayer", "UILayer\UILayer.csproj", "{8F94E328-74F6-4AEF-BDE2-73F616AE52B1}"
EndProject
Global
	GlobalSection(SolutionConfigurationPlatforms) = preSolution
		Debug|Any CPU = Debug|Any CPU
		Release|Any CPU = Release|Any CPU
	EndGlobalSection
	GlobalSection(ProjectConfigurationPlatforms) = postSolution
		{B379EDB7-87F6-409D-AC25-84D92C3C7E56}.Debug|Any CPU.ActiveCfg = Debug|Any CPU
		{B379EDB7-87F6-409D-AC25-84D92C3C7E56}.Debug|Any CPU.Build.0 = Debug|Any CPU
		{B379EDB7-87F6-409D-AC25-84D92C3C7E56}.Release|Any CPU.ActiveCfg = Release|Any CPU
		{B379EDB7-87F6-409D-AC25-84D92C3C7E56}.Release|Any CPU.Build.0 = Release|Any CPU
		{1498A9DA-09C7-4A9A-94F4-0E165A098EFF}.Debug|Any CPU.ActiveCfg = Debug|Any CPU
		{1498A9DA-09C7-4A9A-94F4-0E165A098EFF}.Debug|Any CPU.Build.0 = Debug|Any CPU
		{1498A9DA-09C7-4A9A-94F4-0E165A098EFF}.Release|Any CPU.ActiveCfg = Release|Any CPU
		{1498A9DA-09C7-4A9A-94F4-0E165A098EFF}.Release|Any CPU.Build.0 = Release|Any CPU
		{A5100E29-44BB-4768-A44A-3BAA5D969EE4}.Debug|Any CPU.ActiveCfg = Debug|Any CPU
		{A5100E29-44BB-4768-A44A-3BAA5D969EE4}.Debug|Any CPU.Build.0 = Debug|Any CPU
		{A5100E29-44BB-4768-A44A-3BAA5D969EE4}.Release|Any CPU.ActiveCfg = Release|Any CPU
		{A5100E29-44BB-4768-A44A-3BAA5D969EE4}.Release|Any CPU.Build.0 = Release|Any CPU
		{8F94E328-74F6-4AEF-BDE2-73F616AE52B1}.Debug|Any CPU.ActiveCfg = Debug|Any CPU
		{8F94E328-74F6-4AEF-BDE2-73F616AE52B1}.Debug|Any CPU.Build.0 = Debug|Any CPU
		{8F94E328-74F6-4AEF-BDE2-73F616AE52B1}.Release|Any CPU.ActiveCfg = Release|Any CPU
		{8F94E328-74F6-4AEF-BDE2-73F616AE52B1}.Release|Any CPU.Build.0 = Release|Any CPU
	EndGlobalSection
	GlobalSection(SolutionProperties) = preSolution
		HideSolutionNode = FALSE
	EndGlobalSection
	GlobalSection(ExtensibilityGlobals) = postSolution
		SolutionGuid = {01E7A11E-9309-4750-9604-CB1A41D31B2C}
	EndGlobalSection
EndGlobal
